
Microsoft Visual Studio Solution File, Format Version 12.00
# Visual Studio 15
VisualStudioVersion = 15.0.26124.0
MinimumVisualStudioVersion = 15.0.26124.0
Project("{2150E333-8FDC-42A3-9474-1A3956D46DE8}") = "src", "src", "{4CD9F2E1-7930-4914-9E64-D07581869023}"
EndProject
Project("{FAE04EC0-301F-11D3-BF4B-00C04F79EFBC}") = "GradeBook", "src\GradeBook\GradeBook.csproj", "{61B25426-A98B-4BD4-A7E3-22F552B69E26}"
EndProject
Project("{2150E333-8FDC-42A3-9474-1A3956D46DE8}") = "test", "test", "{EAAF1D18-CD08-42DE-92F6-6A2EA4DB8A38}"
EndProject
Project("{FAE04EC0-301F-11D3-BF4B-00C04F79EFBC}") = "GradeBook.Tests", "test\GradeBook.Tests\GradeBook.Tests.csproj", "{D78EE9AC-1B20-4781-9D25-CDF3A989F3FC}"
EndProject
Global
	GlobalSection(SolutionConfigurationPlatforms) = preSolution
		Debug|Any CPU = Debug|Any CPU
		Debug|x64 = Debug|x64
		Debug|x86 = Debug|x86
		Release|Any CPU = Release|Any CPU
		Release|x64 = Release|x64
		Release|x86 = Release|x86
	EndGlobalSection
	GlobalSection(SolutionProperties) = preSolution
		HideSolutionNode = FALSE
	EndGlobalSection
	GlobalSection(ProjectConfigurationPlatforms) = postSolution
		{61B25426-A98B-4BD4-A7E3-22F552B69E26}.Debug|Any CPU.ActiveCfg = Debug|Any CPU
		{61B25426-A98B-4BD4-A7E3-22F552B69E26}.Debug|Any CPU.Build.0 = Debug|Any CPU
		{61B25426-A98B-4BD4-A7E3-22F552B69E26}.Debug|x64.ActiveCfg = Debug|Any CPU
		{61B25426-A98B-4BD4-A7E3-22F552B69E26}.Debug|x64.Build.0 = Debug|Any CPU
		{61B25426-A98B-4BD4-A7E3-22F552B69E26}.Debug|x86.ActiveCfg = Debug|Any CPU
		{61B25426-A98B-4BD4-A7E3-22F552B69E26}.Debug|x86.Build.0 = Debug|Any CPU
		{61B25426-A98B-4BD4-A7E3-22F552B69E26}.Release|Any CPU.ActiveCfg = Release|Any CPU
		{61B25426-A98B-4BD4-A7E3-22F552B69E26}.Release|Any CPU.Build.0 = Release|Any CPU
		{61B25426-A98B-4BD4-A7E3-22F552B69E26}.Release|x64.ActiveCfg = Release|Any CPU
		{61B25426-A98B-4BD4-A7E3-22F552B69E26}.Release|x64.Build.0 = Release|Any CPU
		{61B25426-A98B-4BD4-A7E3-22F552B69E26}.Release|x86.ActiveCfg = Release|Any CPU
		{61B25426-A98B-4BD4-A7E3-22F552B69E26}.Release|x86.Build.0 = Release|Any CPU
		{D78EE9AC-1B20-4781-9D25-CDF3A989F3FC}.Debug|Any CPU.ActiveCfg = Debug|Any CPU
		{D78EE9AC-1B20-4781-9D25-CDF3A989F3FC}.Debug|Any CPU.Build.0 = Debug|Any CPU
		{D78EE9AC-1B20-4781-9D25-CDF3A989F3FC}.Debug|x64.ActiveCfg = Debug|Any CPU
		{D78EE9AC-1B20-4781-9D25-CDF3A989F3FC}.Debug|x64.Build.0 = Debug|Any CPU
		{D78EE9AC-1B20-4781-9D25-CDF3A989F3FC}.Debug|x86.ActiveCfg = Debug|Any CPU
		{D78EE9AC-1B20-4781-9D25-CDF3A989F3FC}.Debug|x86.Build.0 = Debug|Any CPU
		{D78EE9AC-1B20-4781-9D25-CDF3A989F3FC}.Release|Any CPU.ActiveCfg = Release|Any CPU
		{D78EE9AC-1B20-4781-9D25-CDF3A989F3FC}.Release|Any CPU.Build.0 = Release|Any CPU
		{D78EE9AC-1B20-4781-9D25-CDF3A989F3FC}.Release|x64.ActiveCfg = Release|Any CPU
		{D78EE9AC-1B20-4781-9D25-CDF3A989F3FC}.Release|x64.Build.0 = Release|Any CPU
		{D78EE9AC-1B20-4781-9D25-CDF3A989F3FC}.Release|x86.ActiveCfg = Release|Any CPU
		{D78EE9AC-1B20-4781-9D25-CDF3A989F3FC}.Release|x86.Build.0 = Release|Any CPU
	EndGlobalSection
	GlobalSection(NestedProjects) = preSolution
		{61B25426-A98B-4BD4-A7E3-22F552B69E26} = {4CD9F2E1-7930-4914-9E64-D07581869023}
		{D78EE9AC-1B20-4781-9D25-CDF3A989F3FC} = {EAAF1D18-CD08-42DE-92F6-6A2EA4DB8A38}
	EndGlobalSection
EndGlobal
